// !$*UTF8*$!
{
	archiveVersion = 1;
	classes = {
	};
	objectVersion = 50;
	objects = {

/* Begin PBXBuildFile section */
		C9E8486126090FC200A594BA /* main.cp in Sources */ = {isa = PBXBuildFile; fileRef = C9E8486026090FC200A594BA /* main.cp */; };
		C9E848672609147100A594BA /* Robot.cpp in Sources */ = {isa = PBXBuildFile; fileRef = C9E848662609147100A594BA /* Robot.cpp */; };
		C9E84877260BB29D00A594BA /* Player.cpp in Sources */ = {isa = PBXBuildFile; fileRef = C9E84876260BB29D00A594BA /* Player.cpp */; };
		C9E8487A260BB37500A594BA /* Arena.cpp in Sources */ = {isa = PBXBuildFile; fileRef = C9E84879260BB37500A594BA /* Arena.cpp */; };
		C9E8487E260BB42A00A594BA /* Game.cpp in Sources */ = {isa = PBXBuildFile; fileRef = C9E8487C260BB42A00A594BA /* Game.cpp */; };
		C9E84883260BB53F00A594BA /* utilities.cpp in Sources */ = {isa = PBXBuildFile; fileRef = C9E84882260BB53F00A594BA /* utilities.cpp */; };
/* End PBXBuildFile section */

/* Begin PBXCopyFilesBuildPhase section */
		C9E8485326090FB800A594BA /* CopyFiles */ = {
			isa = PBXCopyFilesBuildPhase;
			buildActionMask = 2147483647;
			dstPath = /usr/share/man/man1/;
			dstSubfolderSpec = 0;
			files = (
			);
			runOnlyForDeploymentPostprocessing = 1;
		};
/* End PBXCopyFilesBuildPhase section */

/* Begin PBXFileReference section */
		C9E8485526090FB800A594BA /* RealDeal */ = {isa = PBXFileReference; explicitFileType = "compiled.mach-o.executable"; includeInIndex = 0; path = RealDeal; sourceTree = BUILT_PRODUCTS_DIR; };
		C9E8486026090FC200A594BA /* main.cp */ = {isa = PBXFileReference; fileEncoding = 4; lastKnownFileType = sourcecode.cpp.cpp; path = main.cp; sourceTree = "<group>"; };
		C9E848642609140A00A594BA /* Robot.h */ = {isa = PBXFileReference; lastKnownFileType = sourcecode.c.h; path = Robot.h; sourceTree = "<group>"; };
		C9E848662609147100A594BA /* Robot.cpp */ = {isa = PBXFileReference; lastKnownFileType = sourcecode.cpp.cpp; path = Robot.cpp; sourceTree = "<group>"; };
		C9E84869260BAF2700A594BA /* Player.h */ = {isa = PBXFileReference; lastKnownFileType = sourcecode.c.h; path = Player.h; sourceTree = "<group>"; };
		C9E8486B260BAF8900A594BA /* Arena.h */ = {isa = PBXFileReference; lastKnownFileType = sourcecode.c.h; path = Arena.h; sourceTree = "<group>"; };
		C9E8486D260BB00700A594BA /* globals.h */ = {isa = PBXFileReference; lastKnownFileType = sourcecode.c.h; path = globals.h; sourceTree = "<group>"; };
		C9E8486F260BB09000A594BA /* Game.h */ = {isa = PBXFileReference; lastKnownFileType = sourcecode.c.h; path = Game.h; sourceTree = "<group>"; };
		C9E84876260BB29D00A594BA /* Player.cpp */ = {isa = PBXFileReference; lastKnownFileType = sourcecode.cpp.cpp; path = Player.cpp; sourceTree = "<group>"; };
		C9E84879260BB37500A594BA /* Arena.cpp */ = {isa = PBXFileReference; lastKnownFileType = sourcecode.cpp.cpp; path = Arena.cpp; sourceTree = "<group>"; };
		C9E8487C260BB42A00A594BA /* Game.cpp */ = {isa = PBXFileReference; lastKnownFileType = sourcecode.cpp.cpp; path = Game.cpp; sourceTree = "<group>"; };
		C9E84882260BB53F00A594BA /* utilities.cpp */ = {isa = PBXFileReference; lastKnownFileType = sourcecode.cpp.cpp; path = utilities.cpp; sourceTree = "<group>"; };
/* End PBXFileReference section */

/* Begin PBXFrameworksBuildPhase section */
		C9E8485226090FB800A594BA /* Frameworks */ = {
			isa = PBXFrameworksBuildPhase;
			buildActionMask = 2147483647;
			files = (
			);
			runOnlyForDeploymentPostprocessing = 0;
		};
/* End PBXFrameworksBuildPhase section */

/* Begin PBXGroup section */
		C9E8484C26090FB800A594BA = {
			isa = PBXGroup;
			children = (
				C9E8485726090FB800A594BA /* RealDeal */,
				C9E8485626090FB800A594BA /* Products */,
			);
			sourceTree = "<group>";
		};
		C9E8485626090FB800A594BA /* Products */ = {
			isa = PBXGroup;
			children = (
				C9E8485526090FB800A594BA /* RealDeal */,
			);
			name = Products;
			sourceTree = "<group>";
		};
		C9E8485726090FB800A594BA /* RealDeal */ = {
			isa = PBXGroup;
			children = (
				C9E8486026090FC200A594BA /* main.cp */,
				C9E8486B260BAF8900A594BA /* Arena.h */,
				C9E8486F260BB09000A594BA /* Game.h */,
				C9E84869260BAF2700A594BA /* Player.h */,
				C9E848642609140A00A594BA /* Robot.h */,
				C9E8486D260BB00700A594BA /* globals.h */,
				C9E84879260BB37500A594BA /* Arena.cpp */,
				C9E848662609147100A594BA /* Robot.cpp */,
				C9E8487C260BB42A00A594BA /* Game.cpp */,
				C9E84876260BB29D00A594BA /* Player.cpp */,
				C9E84882260BB53F00A594BA /* utilities.cpp */,
			);
			path = RealDeal;
			sourceTree = "<group>";
		};
/* End PBXGroup section */

/* Begin PBXNativeTarget section */
		C9E8485426090FB800A594BA /* RealDeal */ = {
			isa = PBXNativeTarget;
			buildConfigurationList = C9E8485C26090FB800A594BA /* Build configuration list for PBXNativeTarget "RealDeal" */;
			buildPhases = (
				C9E8485126090FB800A594BA /* Sources */,
				C9E8485226090FB800A594BA /* Frameworks */,
				C9E8485326090FB800A594BA /* CopyFiles */,
			);
			buildRules = (
			);
			dependencies = (
			);
			name = RealDeal;
			productName = RealDeal;
			productReference = C9E8485526090FB800A594BA /* RealDeal */;
			productType = "com.apple.product-type.tool";
		};
/* End PBXNativeTarget section */

/* Begin PBXProject section */
		C9E8484D26090FB800A594BA /* Project object */ = {
			isa = PBXProject;
			attributes = {
				LastUpgradeCheck = 1240;
				TargetAttributes = {
					C9E8485426090FB800A594BA = {
						CreatedOnToolsVersion = 12.4;
					};
				};
			};
			buildConfigurationList = C9E8485026090FB800A594BA /* Build configuration list for PBXProject "RealDeal" */;
			compatibilityVersion = "Xcode 9.3";
			developmentRegion = en;
			hasScannedForEncodings = 0;
			knownRegions = (
				en,
				Base,
			);
			mainGroup = C9E8484C26090FB800A594BA;
			productRefGroup = C9E8485626090FB800A594BA /* Products */;
			projectDirPath = "";
			projectRoot = "";
			targets = (
				C9E8485426090FB800A594BA /* RealDeal */,
			);
		};
/* End PBXProject section */

/* Begin PBXSourcesBuildPhase section */
		C9E8485126090FB800A594BA /* Sources */ = {
			isa = PBXSourcesBuildPhase;
			buildActionMask = 2147483647;
			files = (
				C9E84883260BB53F00A594BA /* utilities.cpp in Sources */,
				C9E848672609147100A594BA /* Robot.cpp in Sources */,
				C9E8487A260BB37500A594BA /* Arena.cpp in Sources */,
				C9E8486126090FC200A594BA /* main.cp in Sources */,
				C9E84877260BB29D00A594BA /* Player.cpp in Sources */,
				C9E8487E260BB42A00A594BA /* Game.cpp in Sources */,
			);
			runOnlyForDeploymentPostprocessing = 0;
		};
/* End PBXSourcesBuildPhase section */

/* Begin XCBuildConfiguration section */
		C9E8485A26090FB800A594BA /* Debug */ = {
			isa = XCBuildConfiguration;
			buildSettings = {
				ALWAYS_SEARCH_USER_PATHS = NO;
				CLANG_ANALYZER_NONNULL = YES;
				CLANG_ANALYZER_NUMBER_OBJECT_CONVERSION = YES_AGGRESSIVE;
				CLANG_CXX_LANGUAGE_STANDARD = "gnu++14";
				CLANG_CXX_LIBRARY = "libc++";
				CLANG_ENABLE_MODULES = YES;
				CLANG_ENABLE_OBJC_ARC = YES;
				CLANG_ENABLE_OBJC_WEAK = YES;
				CLANG_WARN_BLOCK_CAPTURE_AUTORELEASING = YES;
				CLANG_WARN_BOOL_CONVERSION = YES;
				CLANG_WARN_COMMA = YES;
				CLANG_WARN_CONSTANT_CONVERSION = YES;
				CLANG_WARN_DEPRECATED_OBJC_IMPLEMENTATIONS = YES;
				CLANG_WARN_DIRECT_OBJC_ISA_USAGE = YES_ERROR;
				CLANG_WARN_DOCUMENTATION_COMMENTS = YES;
				CLANG_WARN_EMPTY_BODY = YES;
				CLANG_WARN_ENUM_CONVERSION = YES;
				CLANG_WARN_INFINITE_RECURSION = YES;
				CLANG_WARN_INT_CONVERSION = YES;
				CLANG_WARN_NON_LITERAL_NULL_CONVERSION = YES;
				CLANG_WARN_OBJC_IMPLICIT_RETAIN_SELF = YES;
				CLANG_WARN_OBJC_LITERAL_CONVERSION = YES;
				CLANG_WARN_OBJC_ROOT_CLASS = YES_ERROR;
				CLANG_WARN_QUOTED_INCLUDE_IN_FRAMEWORK_HEADER = YES;
				CLANG_WARN_RANGE_LOOP_ANALYSIS = YES;
				CLANG_WARN_STRICT_PROTOTYPES = YES;
				CLANG_WARN_SUSPICIOUS_MOVE = YES;
				CLANG_WARN_UNGUARDED_AVAILABILITY = YES_AGGRESSIVE;
				CLANG_WARN_UNREACHABLE_CODE = YES;
				CLANG_WARN__DUPLICATE_METHOD_MATCH = YES;
				COPY_PHASE_STRIP = NO;
				DEBUG_INFORMATION_FORMAT = dwarf;
				ENABLE_STRICT_OBJC_MSGSEND = YES;
				ENABLE_TESTABILITY = YES;
				GCC_C_LANGUAGE_STANDARD = gnu11;
				GCC_DYNAMIC_NO_PIC = NO;
				GCC_NO_COMMON_BLOCKS = YES;
				GCC_OPTIMIZATION_LEVEL = 0;
				GCC_PREPROCESSOR_DEFINITIONS = (
					"DEBUG=1",
					"$(inherited)",
				);
				GCC_WARN_64_TO_32_BIT_CONVERSION = YES;
				GCC_WARN_ABOUT_RETURN_TYPE = YES_ERROR;
				GCC_WARN_UNDECLARED_SELECTOR = YES;
				GCC_WARN_UNINITIALIZED_AUTOS = YES_AGGRESSIVE;
				GCC_WARN_UNUSED_FUNCTION = YES;
				GCC_WARN_UNUSED_VARIABLE = YES;
				MACOSX_DEPLOYMENT_TARGET = 10.15;
				MTL_ENABLE_DEBUG_INFO = INCLUDE_SOURCE;
				MTL_FAST_MATH = YES;
				ONLY_ACTIVE_ARCH = YES;
				SDKROOT = macosx;
			};
			name = Debug;
		};
		C9E8485B26090FB800A594BA /* Release */ = {
			isa = XCBuildConfiguration;
			buildSettings = {
				ALWAYS_SEARCH_USER_PATHS = NO;
				CLANG_ANALYZER_NONNULL = YES;
				CLANG_ANALYZER_NUMBER_OBJECT_CONVERSION = YES_AGGRESSIVE;
				CLANG_CXX_LANGUAGE_STANDARD = "gnu++14";
				CLANG_CXX_LIBRARY = "libc++";
				CLANG_ENABLE_MODULES = YES;
				CLANG_ENABLE_OBJC_ARC = YES;
				CLANG_ENABLE_OBJC_WEAK = YES;
				CLANG_WARN_BLOCK_CAPTURE_AUTORELEASING = YES;
				CLANG_WARN_BOOL_CONVERSION = YES;
				CLANG_WARN_COMMA = YES;
				CLANG_WARN_CONSTANT_CONVERSION = YES;
				CLANG_WARN_DEPRECATED_OBJC_IMPLEMENTATIONS = YES;
				CLANG_WARN_DIRECT_OBJC_ISA_USAGE = YES_ERROR;
				CLANG_WARN_DOCUMENTATION_COMMENTS = YES;
				CLANG_WARN_EMPTY_BODY = YES;
				CLANG_WARN_ENUM_CONVERSION = YES;
				CLANG_WARN_INFINITE_RECURSION = YES;
				CLANG_WARN_INT_CONVERSION = YES;
				CLANG_WARN_NON_LITERAL_NULL_CONVERSION = YES;
				CLANG_WARN_OBJC_IMPLICIT_RETAIN_SELF = YES;
				CLANG_WARN_OBJC_LITERAL_CONVERSION = YES;
				CLANG_WARN_OBJC_ROOT_CLASS = YES_ERROR;
				CLANG_WARN_QUOTED_INCLUDE_IN_FRAMEWORK_HEADER = YES;
				CLANG_WARN_RANGE_LOOP_ANALYSIS = YES;
				CLANG_WARN_STRICT_PROTOTYPES = YES;
				CLANG_WARN_SUSPICIOUS_MOVE = YES;
				CLANG_WARN_UNGUARDED_AVAILABILITY = YES_AGGRESSIVE;
				CLANG_WARN_UNREACHABLE_CODE = YES;
				CLANG_WARN__DUPLICATE_METHOD_MATCH = YES;
				COPY_PHASE_STRIP = NO;
				DEBUG_INFORMATION_FORMAT = "dwarf-with-dsym";
				ENABLE_NS_ASSERTIONS = NO;
				ENABLE_STRICT_OBJC_MSGSEND = YES;
				GCC_C_LANGUAGE_STANDARD = gnu11;
				GCC_NO_COMMON_BLOCKS = YES;
				GCC_WARN_64_TO_32_BIT_CONVERSION = YES;
				GCC_WARN_ABOUT_RETURN_TYPE = YES_ERROR;
				GCC_WARN_UNDECLARED_SELECTOR = YES;
				GCC_WARN_UNINITIALIZED_AUTOS = YES_AGGRESSIVE;
				GCC_WARN_UNUSED_FUNCTION = YES;
				GCC_WARN_UNUSED_VARIABLE = YES;
				MACOSX_DEPLOYMENT_TARGET = 10.15;
				MTL_ENABLE_DEBUG_INFO = NO;
				MTL_FAST_MATH = YES;
				SDKROOT = macosx;
			};
			name = Release;
		};
		C9E8485D26090FB800A594BA /* Debug */ = {
			isa = XCBuildConfiguration;
			buildSettings = {
				CODE_SIGN_STYLE = Automatic;
				PRODUCT_NAME = "$(TARGET_NAME)";
			};
			name = Debug;
		};
		C9E8485E26090FB800A594BA /* Release */ = {
			isa = XCBuildConfiguration;
			buildSettings = {
				CODE_SIGN_STYLE = Automatic;
				PRODUCT_NAME = "$(TARGET_NAME)";
			};
			name = Release;
		};
/* End XCBuildConfiguration section */

/* Begin XCConfigurationList section */
		C9E8485026090FB800A594BA /* Build configuration list for PBXProject "RealDeal" */ = {
			isa = XCConfigurationList;
			buildConfigurations = (
				C9E8485A26090FB800A594BA /* Debug */,
				C9E8485B26090FB800A594BA /* Release */,
			);
			defaultConfigurationIsVisible = 0;
			defaultConfigurationName = Release;
		};
		C9E8485C26090FB800A594BA /* Build configuration list for PBXNativeTarget "RealDeal" */ = {
			isa = XCConfigurationList;
			buildConfigurations = (
				C9E8485D26090FB800A594BA /* Debug */,
				C9E8485E26090FB800A594BA /* Release */,
			);
			defaultConfigurationIsVisible = 0;
			defaultConfigurationName = Release;
		};
/* End XCConfigurationList section */
	};
	rootObject = C9E8484D26090FB800A594BA /* Project object */;
}
